
Microsoft Visual Studio Solution File, Format Version 12.00
# Visual Studio Version 17
VisualStudioVersion = 17.0.31903.59
MinimumVisualStudioVersion = 10.0.40219.1
Project("{FAE04EC0-301F-11D3-BF4B-00C04F79EFBC}") = "Matdo.Web", "Matdo.Web\Matdo.Web.csproj", "{29A6BC4E-078F-4F45-B614-7A3F2ADDB98C}"
EndProject
Project("{FAE04EC0-301F-11D3-BF4B-00C04F79EFBC}") = "Matdo.Web.Test", "Matdo.Web.Test\Matdo.Web.Test.csproj", "{74418967-7F79-44CB-9595-F4E3CE153C8D}"
EndProject
Global
	GlobalSection(SolutionConfigurationPlatforms) = preSolution
		Debug|Any CPU = Debug|Any CPU
		Release|Any CPU = Release|Any CPU
	EndGlobalSection
	GlobalSection(SolutionProperties) = preSolution
		HideSolutionNode = FALSE
	EndGlobalSection
	GlobalSection(ProjectConfigurationPlatforms) = postSolution
		{29A6BC4E-078F-4F45-B614-7A3F2ADDB98C}.Debug|Any CPU.ActiveCfg = Debug|Any CPU
		{29A6BC4E-078F-4F45-B614-7A3F2ADDB98C}.Debug|Any CPU.Build.0 = Debug|Any CPU
		{29A6BC4E-078F-4F45-B614-7A3F2ADDB98C}.Release|Any CPU.ActiveCfg = Release|Any CPU
		{29A6BC4E-078F-4F45-B614-7A3F2ADDB98C}.Release|Any CPU.Build.0 = Release|Any CPU
		{74418967-7F79-44CB-9595-F4E3CE153C8D}.Debug|Any CPU.ActiveCfg = Debug|Any CPU
		{74418967-7F79-44CB-9595-F4E3CE153C8D}.Debug|Any CPU.Build.0 = Debug|Any CPU
		{74418967-7F79-44CB-9595-F4E3CE153C8D}.Release|Any CPU.ActiveCfg = Release|Any CPU
		{74418967-7F79-44CB-9595-F4E3CE153C8D}.Release|Any CPU.Build.0 = Release|Any CPU
	EndGlobalSection
EndGlobal
